# THIS IS AN AUTOGENERATED FILE. DO NOT EDIT THIS FILE DIRECTLY.
# yarn lockfile v1


"@sweetalert2/themes@^3.1.0":
  version "3.1.0"
  resolved "https://registry.yarnpkg.com/@sweetalert2/themes/-/themes-3.1.0.tgz#2c3eee9991b2f2f04e385ec5269fd902e143b019"
  integrity sha512-KukdD1MIHNkU+pz1R70Xlk68j/ZeCdNXfGeX1ErhCoVEx9T9U3DoU9yGjfahszLrYbpityZGhFI1YEHKTN05oA==

sweetalert2@^9.5.3:
  version "9.5.3"
  resolved "https://registry.yarnpkg.com/sweetalert2/-/sweetalert2-9.5.3.tgz#b280e218dc387a96fa2b6175b50d75421a708f7d"
  integrity sha512-4wzLUCmVby3NPQC8XHp0HRJgTm5tbAO7OOaqabATNe0U6JN/oyBTS7iJJG9V83MpcP6MLDUEWcGO/Y8i6g2jYw==
